// !$*UTF8*$!
{
	archiveVersion = 1;
	classes = {
	};
	objectVersion = 50;
	objects = {

/* Begin PBXBuildFile section */
		BA0C4907263CF81D00C23CAE /* denon_remoteApp.swift in Sources */ = {isa = PBXBuildFile; fileRef = BA0C4906263CF81D00C23CAE /* denon_remoteApp.swift */; };
		BA0C4909263CF81D00C23CAE /* ContentView.swift in Sources */ = {isa = PBXBuildFile; fileRef = BA0C4908263CF81D00C23CAE /* ContentView.swift */; };
		BA0C490B263CF81D00C23CAE /* Assets.xcassets in Resources */ = {isa = PBXBuildFile; fileRef = BA0C490A263CF81D00C23CAE /* Assets.xcassets */; };
		BA0C490E263CF81D00C23CAE /* Preview Assets.xcassets in Resources */ = {isa = PBXBuildFile; fileRef = BA0C490D263CF81D00C23CAE /* Preview Assets.xcassets */; };
		BA0C4919263CF81E00C23CAE /* denon_remoteTests.swift in Sources */ = {isa = PBXBuildFile; fileRef = BA0C4918263CF81E00C23CAE /* denon_remoteTests.swift */; };
		BA0C4924263CF81E00C23CAE /* denon_remoteUITests.swift in Sources */ = {isa = PBXBuildFile; fileRef = BA0C4923263CF81E00C23CAE /* denon_remoteUITests.swift */; };
		BA0C4935263CFE8F00C23CAE /* Comm.swift in Sources */ = {isa = PBXBuildFile; fileRef = BA0C4934263CFE8F00C23CAE /* Comm.swift */; };
		BAAF67A2268C0B7C00953A82 /* WatchConnect.swift in Sources */ = {isa = PBXBuildFile; fileRef = BAAF67A1268C0B7C00953A82 /* WatchConnect.swift */; };
		BAAF67A9268C15ED00953A82 /* PhoneConnect.swift in Sources */ = {isa = PBXBuildFile; fileRef = BAAF67A8268C15ED00953A82 /* PhoneConnect.swift */; };
		BAE8D559267FEF7400E6AAB4 /* Assets.xcassets in Resources */ = {isa = PBXBuildFile; fileRef = BAE8D558267FEF7400E6AAB4 /* Assets.xcassets */; };
		BAE8D560267FEF7400E6AAB4 /* DenonControlW Extension.appex in Embed App Extensions */ = {isa = PBXBuildFile; fileRef = BAE8D55F267FEF7400E6AAB4 /* DenonControlW Extension.appex */; settings = {ATTRIBUTES = (RemoveHeadersOnCopy, ); }; };
		BAE8D567267FEF7400E6AAB4 /* ContentView.swift in Sources */ = {isa = PBXBuildFile; fileRef = BAE8D566267FEF7400E6AAB4 /* ContentView.swift */; };
		BAE8D569267FEF7400E6AAB4 /* NotificationController.swift in Sources */ = {isa = PBXBuildFile; fileRef = BAE8D568267FEF7400E6AAB4 /* NotificationController.swift */; };
		BAE8D56B267FEF7400E6AAB4 /* NotificationView.swift in Sources */ = {isa = PBXBuildFile; fileRef = BAE8D56A267FEF7400E6AAB4 /* NotificationView.swift */; };
		BAE8D56D267FEF7400E6AAB4 /* ComplicationController.swift in Sources */ = {isa = PBXBuildFile; fileRef = BAE8D56C267FEF7400E6AAB4 /* ComplicationController.swift */; };
		BAE8D56F267FEF7500E6AAB4 /* Assets.xcassets in Resources */ = {isa = PBXBuildFile; fileRef = BAE8D56E267FEF7500E6AAB4 /* Assets.xcassets */; };
		BAE8D572267FEF7500E6AAB4 /* Preview Assets.xcassets in Resources */ = {isa = PBXBuildFile; fileRef = BAE8D571267FEF7500E6AAB4 /* Preview Assets.xcassets */; };
		BAE8D577267FEF7500E6AAB4 /* DenonControlW.app in Embed Watch Content */ = {isa = PBXBuildFile; fileRef = BAE8D556267FEF7300E6AAB4 /* DenonControlW.app */; settings = {ATTRIBUTES = (RemoveHeadersOnCopy, ); }; };
		BAE8D58A267FF2BF00E6AAB4 /* Assets.xcassets in Resources */ = {isa = PBXBuildFile; fileRef = BA0C490A263CF81D00C23CAE /* Assets.xcassets */; };
		BAE8D58B267FF2BF00E6AAB4 /* Comm.swift in Sources */ = {isa = PBXBuildFile; fileRef = BA0C4934263CFE8F00C23CAE /* Comm.swift */; };
		BAE8D58C267FF2BF00E6AAB4 /* denon_remoteApp.swift in Sources */ = {isa = PBXBuildFile; fileRef = BA0C4906263CF81D00C23CAE /* denon_remoteApp.swift */; };
/* End PBXBuildFile section */

/* Begin PBXContainerItemProxy section */
		BA0C4915263CF81E00C23CAE /* PBXContainerItemProxy */ = {
			isa = PBXContainerItemProxy;
			containerPortal = BA0C48FB263CF81D00C23CAE /* Project object */;
			proxyType = 1;
			remoteGlobalIDString = BA0C4902263CF81D00C23CAE;
			remoteInfo = denon_remote;
		};
		BA0C4920263CF81E00C23CAE /* PBXContainerItemProxy */ = {
			isa = PBXContainerItemProxy;
			containerPortal = BA0C48FB263CF81D00C23CAE /* Project object */;
			proxyType = 1;
			remoteGlobalIDString = BA0C4902263CF81D00C23CAE;
			remoteInfo = denon_remote;
		};
		BAE8D561267FEF7400E6AAB4 /* PBXContainerItemProxy */ = {
			isa = PBXContainerItemProxy;
			containerPortal = BA0C48FB263CF81D00C23CAE /* Project object */;
			proxyType = 1;
			remoteGlobalIDString = BAE8D55E267FEF7400E6AAB4;
			remoteInfo = "DenonControlW Extension";
		};
		BAE8D575267FEF7500E6AAB4 /* PBXContainerItemProxy */ = {
			isa = PBXContainerItemProxy;
			containerPortal = BA0C48FB263CF81D00C23CAE /* Project object */;
			proxyType = 1;
			remoteGlobalIDString = BAE8D555267FEF7300E6AAB4;
			remoteInfo = DenonControlW;
		};
/* End PBXContainerItemProxy section */

/* Begin PBXCopyFilesBuildPhase section */
		BAE8D578267FEF7500E6AAB4 /* Embed Watch Content */ = {
			isa = PBXCopyFilesBuildPhase;
			buildActionMask = 2147483647;
			dstPath = "$(CONTENTS_FOLDER_PATH)/Watch";
			dstSubfolderSpec = 16;
			files = (
				BAE8D577267FEF7500E6AAB4 /* DenonControlW.app in Embed Watch Content */,
			);
			name = "Embed Watch Content";
			runOnlyForDeploymentPostprocessing = 0;
		};
		BAE8D57B267FEF7500E6AAB4 /* Embed App Extensions */ = {
			isa = PBXCopyFilesBuildPhase;
			buildActionMask = 2147483647;
			dstPath = "";
			dstSubfolderSpec = 13;
			files = (
				BAE8D560267FEF7400E6AAB4 /* DenonControlW Extension.appex in Embed App Extensions */,
			);
			name = "Embed App Extensions";
			runOnlyForDeploymentPostprocessing = 0;
		};
/* End PBXCopyFilesBuildPhase section */

/* Begin PBXFileReference section */
		BA0C4903263CF81D00C23CAE /* denon_remote.app */ = {isa = PBXFileReference; explicitFileType = wrapper.application; includeInIndex = 0; path = denon_remote.app; sourceTree = BUILT_PRODUCTS_DIR; };
		BA0C4906263CF81D00C23CAE /* denon_remoteApp.swift */ = {isa = PBXFileReference; lastKnownFileType = sourcecode.swift; path = denon_remoteApp.swift; sourceTree = "<group>"; };
		BA0C4908263CF81D00C23CAE /* ContentView.swift */ = {isa = PBXFileReference; lastKnownFileType = sourcecode.swift; path = ContentView.swift; sourceTree = "<group>"; };
		BA0C490A263CF81D00C23CAE /* Assets.xcassets */ = {isa = PBXFileReference; lastKnownFileType = folder.assetcatalog; path = Assets.xcassets; sourceTree = "<group>"; };
		BA0C490D263CF81D00C23CAE /* Preview Assets.xcassets */ = {isa = PBXFileReference; lastKnownFileType = folder.assetcatalog; path = "Preview Assets.xcassets"; sourceTree = "<group>"; };
		BA0C490F263CF81D00C23CAE /* Info.plist */ = {isa = PBXFileReference; lastKnownFileType = text.plist.xml; path = Info.plist; sourceTree = "<group>"; };
		BA0C4914263CF81E00C23CAE /* denon_remoteTests.xctest */ = {isa = PBXFileReference; explicitFileType = wrapper.cfbundle; includeInIndex = 0; path = denon_remoteTests.xctest; sourceTree = BUILT_PRODUCTS_DIR; };
		BA0C4918263CF81E00C23CAE /* denon_remoteTests.swift */ = {isa = PBXFileReference; lastKnownFileType = sourcecode.swift; path = denon_remoteTests.swift; sourceTree = "<group>"; };
		BA0C491A263CF81E00C23CAE /* Info.plist */ = {isa = PBXFileReference; lastKnownFileType = text.plist.xml; path = Info.plist; sourceTree = "<group>"; };
		BA0C491F263CF81E00C23CAE /* denon_remoteUITests.xctest */ = {isa = PBXFileReference; explicitFileType = wrapper.cfbundle; includeInIndex = 0; path = denon_remoteUITests.xctest; sourceTree = BUILT_PRODUCTS_DIR; };
		BA0C4923263CF81E00C23CAE /* denon_remoteUITests.swift */ = {isa = PBXFileReference; lastKnownFileType = sourcecode.swift; path = denon_remoteUITests.swift; sourceTree = "<group>"; };
		BA0C4925263CF81E00C23CAE /* Info.plist */ = {isa = PBXFileReference; lastKnownFileType = text.plist.xml; path = Info.plist; sourceTree = "<group>"; };
		BA0C4934263CFE8F00C23CAE /* Comm.swift */ = {isa = PBXFileReference; lastKnownFileType = sourcecode.swift; path = Comm.swift; sourceTree = "<group>"; };
		BAAF67A1268C0B7C00953A82 /* WatchConnect.swift */ = {isa = PBXFileReference; lastKnownFileType = sourcecode.swift; path = WatchConnect.swift; sourceTree = "<group>"; };
		BAAF67A8268C15ED00953A82 /* PhoneConnect.swift */ = {isa = PBXFileReference; lastKnownFileType = sourcecode.swift; path = PhoneConnect.swift; sourceTree = "<group>"; };
		BAE8D556267FEF7300E6AAB4 /* DenonControlW.app */ = {isa = PBXFileReference; explicitFileType = wrapper.application; includeInIndex = 0; path = DenonControlW.app; sourceTree = BUILT_PRODUCTS_DIR; };
		BAE8D558267FEF7400E6AAB4 /* Assets.xcassets */ = {isa = PBXFileReference; lastKnownFileType = folder.assetcatalog; path = Assets.xcassets; sourceTree = "<group>"; };
		BAE8D55A267FEF7400E6AAB4 /* Info.plist */ = {isa = PBXFileReference; lastKnownFileType = text.plist.xml; path = Info.plist; sourceTree = "<group>"; };
		BAE8D55F267FEF7400E6AAB4 /* DenonControlW Extension.appex */ = {isa = PBXFileReference; explicitFileType = "wrapper.app-extension"; includeInIndex = 0; path = "DenonControlW Extension.appex"; sourceTree = BUILT_PRODUCTS_DIR; };
		BAE8D566267FEF7400E6AAB4 /* ContentView.swift */ = {isa = PBXFileReference; lastKnownFileType = sourcecode.swift; path = ContentView.swift; sourceTree = "<group>"; wrapsLines = 0; };
		BAE8D568267FEF7400E6AAB4 /* NotificationController.swift */ = {isa = PBXFileReference; lastKnownFileType = sourcecode.swift; path = NotificationController.swift; sourceTree = "<group>"; };
		BAE8D56A267FEF7400E6AAB4 /* NotificationView.swift */ = {isa = PBXFileReference; lastKnownFileType = sourcecode.swift; path = NotificationView.swift; sourceTree = "<group>"; };
		BAE8D56C267FEF7400E6AAB4 /* ComplicationController.swift */ = {isa = PBXFileReference; lastKnownFileType = sourcecode.swift; path = ComplicationController.swift; sourceTree = "<group>"; };
		BAE8D56E267FEF7500E6AAB4 /* Assets.xcassets */ = {isa = PBXFileReference; lastKnownFileType = folder.assetcatalog; path = Assets.xcassets; sourceTree = "<group>"; };
		BAE8D571267FEF7500E6AAB4 /* Preview Assets.xcassets */ = {isa = PBXFileReference; lastKnownFileType = folder.assetcatalog; path = "Preview Assets.xcassets"; sourceTree = "<group>"; };
		BAE8D573267FEF7500E6AAB4 /* Info.plist */ = {isa = PBXFileReference; lastKnownFileType = text.plist.xml; path = Info.plist; sourceTree = "<group>"; };
		BAE8D574267FEF7500E6AAB4 /* PushNotificationPayload.apns */ = {isa = PBXFileReference; lastKnownFileType = text; path = PushNotificationPayload.apns; sourceTree = "<group>"; };
/* End PBXFileReference section */

/* Begin PBXFrameworksBuildPhase section */
		BA0C4900263CF81D00C23CAE /* Frameworks */ = {
			isa = PBXFrameworksBuildPhase;
			buildActionMask = 2147483647;
			files = (
			);
			runOnlyForDeploymentPostprocessing = 0;
		};
		BA0C4911263CF81E00C23CAE /* Frameworks */ = {
			isa = PBXFrameworksBuildPhase;
			buildActionMask = 2147483647;
			files = (
			);
			runOnlyForDeploymentPostprocessing = 0;
		};
		BA0C491C263CF81E00C23CAE /* Frameworks */ = {
			isa = PBXFrameworksBuildPhase;
			buildActionMask = 2147483647;
			files = (
			);
			runOnlyForDeploymentPostprocessing = 0;
		};
		BAE8D55C267FEF7400E6AAB4 /* Frameworks */ = {
			isa = PBXFrameworksBuildPhase;
			buildActionMask = 2147483647;
			files = (
			);
			runOnlyForDeploymentPostprocessing = 0;
		};
/* End PBXFrameworksBuildPhase section */

/* Begin PBXGroup section */
		BA0C48FA263CF81D00C23CAE = {
			isa = PBXGroup;
			children = (
				BA0C4905263CF81D00C23CAE /* denon_remote */,
				BA0C4917263CF81E00C23CAE /* denon_remoteTests */,
				BA0C4922263CF81E00C23CAE /* denon_remoteUITests */,
				BAE8D557267FEF7300E6AAB4 /* DenonControlW */,
				BAE8D563267FEF7400E6AAB4 /* DenonControlW Extension */,
				BA0C4904263CF81D00C23CAE /* Products */,
			);
			sourceTree = "<group>";
		};
		BA0C4904263CF81D00C23CAE /* Products */ = {
			isa = PBXGroup;
			children = (
				BA0C4903263CF81D00C23CAE /* denon_remote.app */,
				BA0C4914263CF81E00C23CAE /* denon_remoteTests.xctest */,
				BA0C491F263CF81E00C23CAE /* denon_remoteUITests.xctest */,
				BAE8D556267FEF7300E6AAB4 /* DenonControlW.app */,
				BAE8D55F267FEF7400E6AAB4 /* DenonControlW Extension.appex */,
			);
			name = Products;
			sourceTree = "<group>";
		};
		BA0C4905263CF81D00C23CAE /* denon_remote */ = {
			isa = PBXGroup;
			children = (
				BA0C4906263CF81D00C23CAE /* denon_remoteApp.swift */,
				BA0C4908263CF81D00C23CAE /* ContentView.swift */,
				BA0C490A263CF81D00C23CAE /* Assets.xcassets */,
				BA0C490F263CF81D00C23CAE /* Info.plist */,
				BA0C490C263CF81D00C23CAE /* Preview Content */,
				BA0C4934263CFE8F00C23CAE /* Comm.swift */,
				BAAF67A1268C0B7C00953A82 /* WatchConnect.swift */,
			);
			path = denon_remote;
			sourceTree = "<group>";
		};
		BA0C490C263CF81D00C23CAE /* Preview Content */ = {
			isa = PBXGroup;
			children = (
				BA0C490D263CF81D00C23CAE /* Preview Assets.xcassets */,
			);
			path = "Preview Content";
			sourceTree = "<group>";
		};
		BA0C4917263CF81E00C23CAE /* denon_remoteTests */ = {
			isa = PBXGroup;
			children = (
				BA0C4918263CF81E00C23CAE /* denon_remoteTests.swift */,
				BA0C491A263CF81E00C23CAE /* Info.plist */,
			);
			path = denon_remoteTests;
			sourceTree = "<group>";
		};
		BA0C4922263CF81E00C23CAE /* denon_remoteUITests */ = {
			isa = PBXGroup;
			children = (
				BA0C4923263CF81E00C23CAE /* denon_remoteUITests.swift */,
				BA0C4925263CF81E00C23CAE /* Info.plist */,
			);
			path = denon_remoteUITests;
			sourceTree = "<group>";
		};
		BAE8D557267FEF7300E6AAB4 /* DenonControlW */ = {
			isa = PBXGroup;
			children = (
				BAE8D558267FEF7400E6AAB4 /* Assets.xcassets */,
				BAE8D55A267FEF7400E6AAB4 /* Info.plist */,
			);
			path = DenonControlW;
			sourceTree = "<group>";
		};
		BAE8D563267FEF7400E6AAB4 /* DenonControlW Extension */ = {
			isa = PBXGroup;
			children = (
				BAE8D566267FEF7400E6AAB4 /* ContentView.swift */,
				BAE8D568267FEF7400E6AAB4 /* NotificationController.swift */,
				BAE8D56A267FEF7400E6AAB4 /* NotificationView.swift */,
				BAE8D56C267FEF7400E6AAB4 /* ComplicationController.swift */,
				BAE8D56E267FEF7500E6AAB4 /* Assets.xcassets */,
				BAE8D573267FEF7500E6AAB4 /* Info.plist */,
				BAE8D574267FEF7500E6AAB4 /* PushNotificationPayload.apns */,
				BAE8D570267FEF7500E6AAB4 /* Preview Content */,
				BAAF67A8268C15ED00953A82 /* PhoneConnect.swift */,
			);
			path = "DenonControlW Extension";
			sourceTree = "<group>";
		};
		BAE8D570267FEF7500E6AAB4 /* Preview Content */ = {
			isa = PBXGroup;
			children = (
				BAE8D571267FEF7500E6AAB4 /* Preview Assets.xcassets */,
			);
			path = "Preview Content";
			sourceTree = "<group>";
		};
/* End PBXGroup section */

/* Begin PBXNativeTarget section */
		BA0C4902263CF81D00C23CAE /* denon_remote */ = {
			isa = PBXNativeTarget;
			buildConfigurationList = BA0C4928263CF81E00C23CAE /* Build configuration list for PBXNativeTarget "denon_remote" */;
			buildPhases = (
				BA0C48FF263CF81D00C23CAE /* Sources */,
				BA0C4900263CF81D00C23CAE /* Frameworks */,
				BA0C4901263CF81D00C23CAE /* Resources */,
				BAE8D578267FEF7500E6AAB4 /* Embed Watch Content */,
			);
			buildRules = (
			);
			dependencies = (
				BAE8D576267FEF7500E6AAB4 /* PBXTargetDependency */,
			);
			name = denon_remote;
			productName = denon_remote;
			productReference = BA0C4903263CF81D00C23CAE /* denon_remote.app */;
			productType = "com.apple.product-type.application";
		};
		BA0C4913263CF81E00C23CAE /* denon_remoteTests */ = {
			isa = PBXNativeTarget;
			buildConfigurationList = BA0C492B263CF81E00C23CAE /* Build configuration list for PBXNativeTarget "denon_remoteTests" */;
			buildPhases = (
				BA0C4910263CF81E00C23CAE /* Sources */,
				BA0C4911263CF81E00C23CAE /* Frameworks */,
				BA0C4912263CF81E00C23CAE /* Resources */,
			);
			buildRules = (
			);
			dependencies = (
				BA0C4916263CF81E00C23CAE /* PBXTargetDependency */,
			);
			name = denon_remoteTests;
			productName = denon_remoteTests;
			productReference = BA0C4914263CF81E00C23CAE /* denon_remoteTests.xctest */;
			productType = "com.apple.product-type.bundle.unit-test";
		};
		BA0C491E263CF81E00C23CAE /* denon_remoteUITests */ = {
			isa = PBXNativeTarget;
			buildConfigurationList = BA0C492E263CF81E00C23CAE /* Build configuration list for PBXNativeTarget "denon_remoteUITests" */;
			buildPhases = (
				BA0C491B263CF81E00C23CAE /* Sources */,
				BA0C491C263CF81E00C23CAE /* Frameworks */,
				BA0C491D263CF81E00C23CAE /* Resources */,
			);
			buildRules = (
			);
			dependencies = (
				BA0C4921263CF81E00C23CAE /* PBXTargetDependency */,
			);
			name = denon_remoteUITests;
			productName = denon_remoteUITests;
			productReference = BA0C491F263CF81E00C23CAE /* denon_remoteUITests.xctest */;
			productType = "com.apple.product-type.bundle.ui-testing";
		};
		BAE8D555267FEF7300E6AAB4 /* DenonControlW */ = {
			isa = PBXNativeTarget;
			buildConfigurationList = BAE8D57F267FEF7500E6AAB4 /* Build configuration list for PBXNativeTarget "DenonControlW" */;
			buildPhases = (
				BAE8D554267FEF7300E6AAB4 /* Resources */,
				BAE8D57B267FEF7500E6AAB4 /* Embed App Extensions */,
			);
			buildRules = (
			);
			dependencies = (
				BAE8D562267FEF7400E6AAB4 /* PBXTargetDependency */,
			);
			name = DenonControlW;
			productName = DenonControlW;
			productReference = BAE8D556267FEF7300E6AAB4 /* DenonControlW.app */;
			productType = "com.apple.product-type.application.watchapp2";
		};
		BAE8D55E267FEF7400E6AAB4 /* DenonControlW Extension */ = {
			isa = PBXNativeTarget;
			buildConfigurationList = BAE8D57E267FEF7500E6AAB4 /* Build configuration list for PBXNativeTarget "DenonControlW Extension" */;
			buildPhases = (
				BAE8D55B267FEF7400E6AAB4 /* Sources */,
				BAE8D55C267FEF7400E6AAB4 /* Frameworks */,
				BAE8D55D267FEF7400E6AAB4 /* Resources */,
			);
			buildRules = (
			);
			dependencies = (
			);
			name = "DenonControlW Extension";
			productName = "DenonControlW Extension";
			productReference = BAE8D55F267FEF7400E6AAB4 /* DenonControlW Extension.appex */;
			productType = "com.apple.product-type.watchkit2-extension";
		};
/* End PBXNativeTarget section */

/* Begin PBXProject section */
		BA0C48FB263CF81D00C23CAE /* Project object */ = {
			isa = PBXProject;
			attributes = {
				LastSwiftUpdateCheck = 1240;
				LastUpgradeCheck = 1240;
				TargetAttributes = {
					BA0C4902263CF81D00C23CAE = {
						CreatedOnToolsVersion = 12.4;
					};
					BA0C4913263CF81E00C23CAE = {
						CreatedOnToolsVersion = 12.4;
						TestTargetID = BA0C4902263CF81D00C23CAE;
					};
					BA0C491E263CF81E00C23CAE = {
						CreatedOnToolsVersion = 12.4;
						TestTargetID = BA0C4902263CF81D00C23CAE;
					};
					BAE8D555267FEF7300E6AAB4 = {
						CreatedOnToolsVersion = 12.4;
					};
					BAE8D55E267FEF7400E6AAB4 = {
						CreatedOnToolsVersion = 12.4;
					};
				};
			};
			buildConfigurationList = BA0C48FE263CF81D00C23CAE /* Build configuration list for PBXProject "denon_remote" */;
			compatibilityVersion = "Xcode 9.3";
			developmentRegion = en;
			hasScannedForEncodings = 0;
			knownRegions = (
				en,
				Base,
			);
			mainGroup = BA0C48FA263CF81D00C23CAE;
			productRefGroup = BA0C4904263CF81D00C23CAE /* Products */;
			projectDirPath = "";
			projectRoot = "";
			targets = (
				BA0C4902263CF81D00C23CAE /* denon_remote */,
				BA0C4913263CF81E00C23CAE /* denon_remoteTests */,
				BA0C491E263CF81E00C23CAE /* denon_remoteUITests */,
				BAE8D555267FEF7300E6AAB4 /* DenonControlW */,
				BAE8D55E267FEF7400E6AAB4 /* DenonControlW Extension */,
			);
		};
/* End PBXProject section */

/* Begin PBXResourcesBuildPhase section */
		BA0C4901263CF81D00C23CAE /* Resources */ = {
			isa = PBXResourcesBuildPhase;
			buildActionMask = 2147483647;
			files = (
				BA0C490E263CF81D00C23CAE /* Preview Assets.xcassets in Resources */,
				BA0C490B263CF81D00C23CAE /* Assets.xcassets in Resources */,
			);
			runOnlyForDeploymentPostprocessing = 0;
		};
		BA0C4912263CF81E00C23CAE /* Resources */ = {
			isa = PBXResourcesBuildPhase;
			buildActionMask = 2147483647;
			files = (
			);
			runOnlyForDeploymentPostprocessing = 0;
		};
		BA0C491D263CF81E00C23CAE /* Resources */ = {
			isa = PBXResourcesBuildPhase;
			buildActionMask = 2147483647;
			files = (
			);
			runOnlyForDeploymentPostprocessing = 0;
		};
		BAE8D554267FEF7300E6AAB4 /* Resources */ = {
			isa = PBXResourcesBuildPhase;
			buildActionMask = 2147483647;
			files = (
				BAE8D559267FEF7400E6AAB4 /* Assets.xcassets in Resources */,
			);
			runOnlyForDeploymentPostprocessing = 0;
		};
		BAE8D55D267FEF7400E6AAB4 /* Resources */ = {
			isa = PBXResourcesBuildPhase;
			buildActionMask = 2147483647;
			files = (
				BAE8D572267FEF7500E6AAB4 /* Preview Assets.xcassets in Resources */,
				BAE8D58A267FF2BF00E6AAB4 /* Assets.xcassets in Resources */,
				BAE8D56F267FEF7500E6AAB4 /* Assets.xcassets in Resources */,
			);
			runOnlyForDeploymentPostprocessing = 0;
		};
/* End PBXResourcesBuildPhase section */

/* Begin PBXSourcesBuildPhase section */
		BA0C48FF263CF81D00C23CAE /* Sources */ = {
			isa = PBXSourcesBuildPhase;
			buildActionMask = 2147483647;
			files = (
				BA0C4935263CFE8F00C23CAE /* Comm.swift in Sources */,
				BA0C4909263CF81D00C23CAE /* ContentView.swift in Sources */,
				BAAF67A2268C0B7C00953A82 /* WatchConnect.swift in Sources */,
				BA0C4907263CF81D00C23CAE /* denon_remoteApp.swift in Sources */,
			);
			runOnlyForDeploymentPostprocessing = 0;
		};
		BA0C4910263CF81E00C23CAE /* Sources */ = {
			isa = PBXSourcesBuildPhase;
			buildActionMask = 2147483647;
			files = (
				BA0C4919263CF81E00C23CAE /* denon_remoteTests.swift in Sources */,
			);
			runOnlyForDeploymentPostprocessing = 0;
		};
		BA0C491B263CF81E00C23CAE /* Sources */ = {
			isa = PBXSourcesBuildPhase;
			buildActionMask = 2147483647;
			files = (
				BA0C4924263CF81E00C23CAE /* denon_remoteUITests.swift in Sources */,
			);
			runOnlyForDeploymentPostprocessing = 0;
		};
		BAE8D55B267FEF7400E6AAB4 /* Sources */ = {
			isa = PBXSourcesBuildPhase;
			buildActionMask = 2147483647;
			files = (
				BAE8D569267FEF7400E6AAB4 /* NotificationController.swift in Sources */,
				BAE8D567267FEF7400E6AAB4 /* ContentView.swift in Sources */,
				BAE8D58C267FF2BF00E6AAB4 /* denon_remoteApp.swift in Sources */,
				BAE8D56D267FEF7400E6AAB4 /* ComplicationController.swift in Sources */,
				BAE8D58B267FF2BF00E6AAB4 /* Comm.swift in Sources */,
				BAAF67A9268C15ED00953A82 /* PhoneConnect.swift in Sources */,
				BAE8D56B267FEF7400E6AAB4 /* NotificationView.swift in Sources */,
			);
			runOnlyForDeploymentPostprocessing = 0;
		};
/* End PBXSourcesBuildPhase section */

/* Begin PBXTargetDependency section */
		BA0C4916263CF81E00C23CAE /* PBXTargetDependency */ = {
			isa = PBXTargetDependency;
			target = BA0C4902263CF81D00C23CAE /* denon_remote */;
			targetProxy = BA0C4915263CF81E00C23CAE /* PBXContainerItemProxy */;
		};
		BA0C4921263CF81E00C23CAE /* PBXTargetDependency */ = {
			isa = PBXTargetDependency;
			target = BA0C4902263CF81D00C23CAE /* denon_remote */;
			targetProxy = BA0C4920263CF81E00C23CAE /* PBXContainerItemProxy */;
		};
		BAE8D562267FEF7400E6AAB4 /* PBXTargetDependency */ = {
			isa = PBXTargetDependency;
			target = BAE8D55E267FEF7400E6AAB4 /* DenonControlW Extension */;
			targetProxy = BAE8D561267FEF7400E6AAB4 /* PBXContainerItemProxy */;
		};
		BAE8D576267FEF7500E6AAB4 /* PBXTargetDependency */ = {
			isa = PBXTargetDependency;
			target = BAE8D555267FEF7300E6AAB4 /* DenonControlW */;
			targetProxy = BAE8D575267FEF7500E6AAB4 /* PBXContainerItemProxy */;
		};
/* End PBXTargetDependency section */

/* Begin XCBuildConfiguration section */
		BA0C4926263CF81E00C23CAE /* Debug */ = {
			isa = XCBuildConfiguration;
			buildSettings = {
				ALWAYS_SEARCH_USER_PATHS = NO;
				CLANG_ANALYZER_NONNULL = YES;
				CLANG_ANALYZER_NUMBER_OBJECT_CONVERSION = YES_AGGRESSIVE;
				CLANG_CXX_LANGUAGE_STANDARD = "gnu++14";
				CLANG_CXX_LIBRARY = "libc++";
				CLANG_ENABLE_MODULES = YES;
				CLANG_ENABLE_OBJC_ARC = YES;
				CLANG_ENABLE_OBJC_WEAK = YES;
				CLANG_WARN_BLOCK_CAPTURE_AUTORELEASING = YES;
				CLANG_WARN_BOOL_CONVERSION = YES;
				CLANG_WARN_COMMA = YES;
				CLANG_WARN_CONSTANT_CONVERSION = YES;
				CLANG_WARN_DEPRECATED_OBJC_IMPLEMENTATIONS = YES;
				CLANG_WARN_DIRECT_OBJC_ISA_USAGE = YES_ERROR;
				CLANG_WARN_DOCUMENTATION_COMMENTS = YES;
				CLANG_WARN_EMPTY_BODY = YES;
				CLANG_WARN_ENUM_CONVERSION = YES;
				CLANG_WARN_INFINITE_RECURSION = YES;
				CLANG_WARN_INT_CONVERSION = YES;
				CLANG_WARN_NON_LITERAL_NULL_CONVERSION = YES;
				CLANG_WARN_OBJC_IMPLICIT_RETAIN_SELF = YES;
				CLANG_WARN_OBJC_LITERAL_CONVERSION = YES;
				CLANG_WARN_OBJC_ROOT_CLASS = YES_ERROR;
				CLANG_WARN_QUOTED_INCLUDE_IN_FRAMEWORK_HEADER = YES;
				CLANG_WARN_RANGE_LOOP_ANALYSIS = YES;
				CLANG_WARN_STRICT_PROTOTYPES = YES;
				CLANG_WARN_SUSPICIOUS_MOVE = YES;
				CLANG_WARN_UNGUARDED_AVAILABILITY = YES_AGGRESSIVE;
				CLANG_WARN_UNREACHABLE_CODE = YES;
				CLANG_WARN__DUPLICATE_METHOD_MATCH = YES;
				COPY_PHASE_STRIP = NO;
				DEBUG_INFORMATION_FORMAT = dwarf;
				ENABLE_STRICT_OBJC_MSGSEND = YES;
				ENABLE_TESTABILITY = YES;
				GCC_C_LANGUAGE_STANDARD = gnu11;
				GCC_DYNAMIC_NO_PIC = NO;
				GCC_NO_COMMON_BLOCKS = YES;
				GCC_OPTIMIZATION_LEVEL = 0;
				GCC_PREPROCESSOR_DEFINITIONS = (
					"DEBUG=1",
					"$(inherited)",
				);
				GCC_WARN_64_TO_32_BIT_CONVERSION = YES;
				GCC_WARN_ABOUT_RETURN_TYPE = YES_ERROR;
				GCC_WARN_UNDECLARED_SELECTOR = YES;
				GCC_WARN_UNINITIALIZED_AUTOS = YES_AGGRESSIVE;
				GCC_WARN_UNUSED_FUNCTION = YES;
				GCC_WARN_UNUSED_VARIABLE = YES;
				IPHONEOS_DEPLOYMENT_TARGET = 14.4;
				MTL_ENABLE_DEBUG_INFO = INCLUDE_SOURCE;
				MTL_FAST_MATH = YES;
				ONLY_ACTIVE_ARCH = YES;
				SDKROOT = iphoneos;
				SWIFT_ACTIVE_COMPILATION_CONDITIONS = DEBUG;
				SWIFT_OPTIMIZATION_LEVEL = "-Onone";
			};
			name = Debug;
		};
		BA0C4927263CF81E00C23CAE /* Release */ = {
			isa = XCBuildConfiguration;
			buildSettings = {
				ALWAYS_SEARCH_USER_PATHS = NO;
				CLANG_ANALYZER_NONNULL = YES;
				CLANG_ANALYZER_NUMBER_OBJECT_CONVERSION = YES_AGGRESSIVE;
				CLANG_CXX_LANGUAGE_STANDARD = "gnu++14";
				CLANG_CXX_LIBRARY = "libc++";
				CLANG_ENABLE_MODULES = YES;
				CLANG_ENABLE_OBJC_ARC = YES;
				CLANG_ENABLE_OBJC_WEAK = YES;
				CLANG_WARN_BLOCK_CAPTURE_AUTORELEASING = YES;
				CLANG_WARN_BOOL_CONVERSION = YES;
				CLANG_WARN_COMMA = YES;
				CLANG_WARN_CONSTANT_CONVERSION = YES;
				CLANG_WARN_DEPRECATED_OBJC_IMPLEMENTATIONS = YES;
				CLANG_WARN_DIRECT_OBJC_ISA_USAGE = YES_ERROR;
				CLANG_WARN_DOCUMENTATION_COMMENTS = YES;
				CLANG_WARN_EMPTY_BODY = YES;
				CLANG_WARN_ENUM_CONVERSION = YES;
				CLANG_WARN_INFINITE_RECURSION = YES;
				CLANG_WARN_INT_CONVERSION = YES;
				CLANG_WARN_NON_LITERAL_NULL_CONVERSION = YES;
				CLANG_WARN_OBJC_IMPLICIT_RETAIN_SELF = YES;
				CLANG_WARN_OBJC_LITERAL_CONVERSION = YES;
				CLANG_WARN_OBJC_ROOT_CLASS = YES_ERROR;
				CLANG_WARN_QUOTED_INCLUDE_IN_FRAMEWORK_HEADER = YES;
				CLANG_WARN_RANGE_LOOP_ANALYSIS = YES;
				CLANG_WARN_STRICT_PROTOTYPES = YES;
				CLANG_WARN_SUSPICIOUS_MOVE = YES;
				CLANG_WARN_UNGUARDED_AVAILABILITY = YES_AGGRESSIVE;
				CLANG_WARN_UNREACHABLE_CODE = YES;
				CLANG_WARN__DUPLICATE_METHOD_MATCH = YES;
				COPY_PHASE_STRIP = NO;
				DEBUG_INFORMATION_FORMAT = "dwarf-with-dsym";
				ENABLE_NS_ASSERTIONS = NO;
				ENABLE_STRICT_OBJC_MSGSEND = YES;
				GCC_C_LANGUAGE_STANDARD = gnu11;
				GCC_NO_COMMON_BLOCKS = YES;
				GCC_WARN_64_TO_32_BIT_CONVERSION = YES;
				GCC_WARN_ABOUT_RETURN_TYPE = YES_ERROR;
				GCC_WARN_UNDECLARED_SELECTOR = YES;
				GCC_WARN_UNINITIALIZED_AUTOS = YES_AGGRESSIVE;
				GCC_WARN_UNUSED_FUNCTION = YES;
				GCC_WARN_UNUSED_VARIABLE = YES;
				IPHONEOS_DEPLOYMENT_TARGET = 14.4;
				MTL_ENABLE_DEBUG_INFO = NO;
				MTL_FAST_MATH = YES;
				SDKROOT = iphoneos;
				SWIFT_COMPILATION_MODE = wholemodule;
				SWIFT_OPTIMIZATION_LEVEL = "-O";
				VALIDATE_PRODUCT = YES;
			};
			name = Release;
		};
		BA0C4929263CF81E00C23CAE /* Debug */ = {
			isa = XCBuildConfiguration;
			buildSettings = {
				ASSETCATALOG_COMPILER_APPICON_NAME = AppIcon;
				ASSETCATALOG_COMPILER_GLOBAL_ACCENT_COLOR_NAME = AccentColor;
				CODE_SIGN_STYLE = Automatic;
				DEVELOPMENT_ASSET_PATHS = "\"denon_remote/Preview Content\"";
				DEVELOPMENT_TEAM = 8L3TUKA6ZM;
				ENABLE_PREVIEWS = YES;
				INFOPLIST_FILE = denon_remote/Info.plist;
				IPHONEOS_DEPLOYMENT_TARGET = 14.4;
				LD_RUNPATH_SEARCH_PATHS = (
					"$(inherited)",
					"@executable_path/Frameworks",
				);
				PRODUCT_BUNDLE_IDENTIFIER = "com.marvin.ws-client.denon-remote";
				PRODUCT_NAME = "$(TARGET_NAME)";
				SWIFT_VERSION = 5.0;
				TARGETED_DEVICE_FAMILY = 1;
			};
			name = Debug;
		};
		BA0C492A263CF81E00C23CAE /* Release */ = {
			isa = XCBuildConfiguration;
			buildSettings = {
				ASSETCATALOG_COMPILER_APPICON_NAME = AppIcon;
				ASSETCATALOG_COMPILER_GLOBAL_ACCENT_COLOR_NAME = AccentColor;
				CODE_SIGN_STYLE = Automatic;
				DEVELOPMENT_ASSET_PATHS = "\"denon_remote/Preview Content\"";
				DEVELOPMENT_TEAM = 8L3TUKA6ZM;
				ENABLE_PREVIEWS = YES;
				INFOPLIST_FILE = denon_remote/Info.plist;
				IPHONEOS_DEPLOYMENT_TARGET = 14.4;
				LD_RUNPATH_SEARCH_PATHS = (
					"$(inherited)",
					"@executable_path/Frameworks",
				);
				PRODUCT_BUNDLE_IDENTIFIER = "com.marvin.ws-client.denon-remote";
				PRODUCT_NAME = "$(TARGET_NAME)";
				SWIFT_VERSION = 5.0;
				TARGETED_DEVICE_FAMILY = 1;
			};
			name = Release;
		};
		BA0C492C263CF81E00C23CAE /* Debug */ = {
			isa = XCBuildConfiguration;
			buildSettings = {
				ALWAYS_EMBED_SWIFT_STANDARD_LIBRARIES = YES;
				BUNDLE_LOADER = "$(TEST_HOST)";
				CODE_SIGN_STYLE = Automatic;
				DEVELOPMENT_TEAM = 8L3TUKA6ZM;
				INFOPLIST_FILE = denon_remoteTests/Info.plist;
				IPHONEOS_DEPLOYMENT_TARGET = 14.0;
				LD_RUNPATH_SEARCH_PATHS = (
					"$(inherited)",
					"@executable_path/Frameworks",
					"@loader_path/Frameworks",
				);
				PRODUCT_BUNDLE_IDENTIFIER = "com.marvin.ws-client.denon-remoteTests";
				PRODUCT_NAME = "$(TARGET_NAME)";
				SWIFT_VERSION = 5.0;
				TARGETED_DEVICE_FAMILY = "1,2";
				TEST_HOST = "$(BUILT_PRODUCTS_DIR)/denon_remote.app/denon_remote";
			};
			name = Debug;
		};
		BA0C492D263CF81E00C23CAE /* Release */ = {
			isa = XCBuildConfiguration;
			buildSettings = {
				ALWAYS_EMBED_SWIFT_STANDARD_LIBRARIES = YES;
				BUNDLE_LOADER = "$(TEST_HOST)";
				CODE_SIGN_STYLE = Automatic;
				DEVELOPMENT_TEAM = 8L3TUKA6ZM;
				INFOPLIST_FILE = denon_remoteTests/Info.plist;
				IPHONEOS_DEPLOYMENT_TARGET = 14.0;
				LD_RUNPATH_SEARCH_PATHS = (
					"$(inherited)",
					"@executable_path/Frameworks",
					"@loader_path/Frameworks",
				);
				PRODUCT_BUNDLE_IDENTIFIER = "com.marvin.ws-client.denon-remoteTests";
				PRODUCT_NAME = "$(TARGET_NAME)";
				SWIFT_VERSION = 5.0;
				TARGETED_DEVICE_FAMILY = "1,2";
				TEST_HOST = "$(BUILT_PRODUCTS_DIR)/denon_remote.app/denon_remote";
			};
			name = Release;
		};
		BA0C492F263CF81E00C23CAE /* Debug */ = {
			isa = XCBuildConfiguration;
			buildSettings = {
				ALWAYS_EMBED_SWIFT_STANDARD_LIBRARIES = YES;
				CODE_SIGN_STYLE = Automatic;
				DEVELOPMENT_TEAM = 8L3TUKA6ZM;
				INFOPLIST_FILE = denon_remoteUITests/Info.plist;
				LD_RUNPATH_SEARCH_PATHS = (
					"$(inherited)",
					"@executable_path/Frameworks",
					"@loader_path/Frameworks",
				);
				PRODUCT_BUNDLE_IDENTIFIER = "com.marvin.ws-client.denon-remoteUITests";
				PRODUCT_NAME = "$(TARGET_NAME)";
				SWIFT_VERSION = 5.0;
				TARGETED_DEVICE_FAMILY = "1,2";
				TEST_TARGET_NAME = denon_remote;
			};
			name = Debug;
		};
		BA0C4930263CF81E00C23CAE /* Release */ = {
			isa = XCBuildConfiguration;
			buildSettings = {
				ALWAYS_EMBED_SWIFT_STANDARD_LIBRARIES = YES;
				CODE_SIGN_STYLE = Automatic;
				DEVELOPMENT_TEAM = 8L3TUKA6ZM;
				INFOPLIST_FILE = denon_remoteUITests/Info.plist;
				LD_RUNPATH_SEARCH_PATHS = (
					"$(inherited)",
					"@executable_path/Frameworks",
					"@loader_path/Frameworks",
				);
				PRODUCT_BUNDLE_IDENTIFIER = "com.marvin.ws-client.denon-remoteUITests";
				PRODUCT_NAME = "$(TARGET_NAME)";
				SWIFT_VERSION = 5.0;
				TARGETED_DEVICE_FAMILY = "1,2";
				TEST_TARGET_NAME = denon_remote;
			};
			name = Release;
		};
		BAE8D579267FEF7500E6AAB4 /* Debug */ = {
			isa = XCBuildConfiguration;
			buildSettings = {
				ALWAYS_EMBED_SWIFT_STANDARD_LIBRARIES = YES;
				ASSETCATALOG_COMPILER_APPICON_NAME = AppIcon;
				ASSETCATALOG_COMPILER_GLOBAL_ACCENT_COLOR_NAME = AccentColor;
				CODE_SIGN_STYLE = Automatic;
				DEVELOPMENT_TEAM = 8L3TUKA6ZM;
				IBSC_MODULE = DenonControlW_Extension;
				INFOPLIST_FILE = DenonControlW/Info.plist;
				PRODUCT_BUNDLE_IDENTIFIER = "com.marvin.ws-client.denon-remote.watchkitapp";
				PRODUCT_NAME = "$(TARGET_NAME)";
				SDKROOT = watchos;
				SKIP_INSTALL = YES;
				SWIFT_VERSION = 5.0;
				TARGETED_DEVICE_FAMILY = 4;
				WATCHOS_DEPLOYMENT_TARGET = 7.2;
			};
			name = Debug;
		};
		BAE8D57A267FEF7500E6AAB4 /* Release */ = {
			isa = XCBuildConfiguration;
			buildSettings = {
				ALWAYS_EMBED_SWIFT_STANDARD_LIBRARIES = YES;
				ASSETCATALOG_COMPILER_APPICON_NAME = AppIcon;
				ASSETCATALOG_COMPILER_GLOBAL_ACCENT_COLOR_NAME = AccentColor;
				CODE_SIGN_STYLE = Automatic;
				DEVELOPMENT_TEAM = 8L3TUKA6ZM;
				IBSC_MODULE = DenonControlW_Extension;
				INFOPLIST_FILE = DenonControlW/Info.plist;
				PRODUCT_BUNDLE_IDENTIFIER = "com.marvin.ws-client.denon-remote.watchkitapp";
				PRODUCT_NAME = "$(TARGET_NAME)";
				SDKROOT = watchos;
				SKIP_INSTALL = YES;
				SWIFT_VERSION = 5.0;
				TARGETED_DEVICE_FAMILY = 4;
				WATCHOS_DEPLOYMENT_TARGET = 7.2;
			};
			name = Release;
		};
		BAE8D57C267FEF7500E6AAB4 /* Debug */ = {
			isa = XCBuildConfiguration;
			buildSettings = {
				ASSETCATALOG_COMPILER_COMPLICATION_NAME = Complication;
				CODE_SIGN_STYLE = Automatic;
				DEVELOPMENT_ASSET_PATHS = "\"DenonControlW Extension/Preview Content\"";
				DEVELOPMENT_TEAM = 8L3TUKA6ZM;
				ENABLE_PREVIEWS = YES;
				INFOPLIST_FILE = "DenonControlW Extension/Info.plist";
				LD_RUNPATH_SEARCH_PATHS = (
					"$(inherited)",
					"@executable_path/Frameworks",
					"@executable_path/../../Frameworks",
				);
				PRODUCT_BUNDLE_IDENTIFIER = "com.marvin.ws-client.denon-remote.watchkitapp.watchkitextension";
				PRODUCT_NAME = "${TARGET_NAME}";
				SDKROOT = watchos;
				SKIP_INSTALL = YES;
				SWIFT_VERSION = 5.0;
				TARGETED_DEVICE_FAMILY = 4;
				WATCHOS_DEPLOYMENT_TARGET = 7.2;
			};
			name = Debug;
		};
		BAE8D57D267FEF7500E6AAB4 /* Release */ = {
			isa = XCBuildConfiguration;
			buildSettings = {
				ASSETCATALOG_COMPILER_COMPLICATION_NAME = Complication;
				CODE_SIGN_STYLE = Automatic;
				DEVELOPMENT_ASSET_PATHS = "\"DenonControlW Extension/Preview Content\"";
				DEVELOPMENT_TEAM = 8L3TUKA6ZM;
				ENABLE_PREVIEWS = YES;
				INFOPLIST_FILE = "DenonControlW Extension/Info.plist";
				LD_RUNPATH_SEARCH_PATHS = (
					"$(inherited)",
					"@executable_path/Frameworks",
					"@executable_path/../../Frameworks",
				);
				PRODUCT_BUNDLE_IDENTIFIER = "com.marvin.ws-client.denon-remote.watchkitapp.watchkitextension";
				PRODUCT_NAME = "${TARGET_NAME}";
				SDKROOT = watchos;
				SKIP_INSTALL = YES;
				SWIFT_VERSION = 5.0;
				TARGETED_DEVICE_FAMILY = 4;
				WATCHOS_DEPLOYMENT_TARGET = 7.2;
			};
			name = Release;
		};
/* End XCBuildConfiguration section */

/* Begin XCConfigurationList section */
		BA0C48FE263CF81D00C23CAE /* Build configuration list for PBXProject "denon_remote" */ = {
			isa = XCConfigurationList;
			buildConfigurations = (
				BA0C4926263CF81E00C23CAE /* Debug */,
				BA0C4927263CF81E00C23CAE /* Release */,
			);
			defaultConfigurationIsVisible = 0;
			defaultConfigurationName = Release;
		};
		BA0C4928263CF81E00C23CAE /* Build configuration list for PBXNativeTarget "denon_remote" */ = {
			isa = XCConfigurationList;
			buildConfigurations = (
				BA0C4929263CF81E00C23CAE /* Debug */,
				BA0C492A263CF81E00C23CAE /* Release */,
			);
			defaultConfigurationIsVisible = 0;
			defaultConfigurationName = Release;
		};
		BA0C492B263CF81E00C23CAE /* Build configuration list for PBXNativeTarget "denon_remoteTests" */ = {
			isa = XCConfigurationList;
			buildConfigurations = (
				BA0C492C263CF81E00C23CAE /* Debug */,
				BA0C492D263CF81E00C23CAE /* Release */,
			);
			defaultConfigurationIsVisible = 0;
			defaultConfigurationName = Release;
		};
		BA0C492E263CF81E00C23CAE /* Build configuration list for PBXNativeTarget "denon_remoteUITests" */ = {
			isa = XCConfigurationList;
			buildConfigurations = (
				BA0C492F263CF81E00C23CAE /* Debug */,
				BA0C4930263CF81E00C23CAE /* Release */,
			);
			defaultConfigurationIsVisible = 0;
			defaultConfigurationName = Release;
		};
		BAE8D57E267FEF7500E6AAB4 /* Build configuration list for PBXNativeTarget "DenonControlW Extension" */ = {
			isa = XCConfigurationList;
			buildConfigurations = (
				BAE8D57C267FEF7500E6AAB4 /* Debug */,
				BAE8D57D267FEF7500E6AAB4 /* Release */,
			);
			defaultConfigurationIsVisible = 0;
			defaultConfigurationName = Release;
		};
		BAE8D57F267FEF7500E6AAB4 /* Build configuration list for PBXNativeTarget "DenonControlW" */ = {
			isa = XCConfigurationList;
			buildConfigurations = (
				BAE8D579267FEF7500E6AAB4 /* Debug */,
				BAE8D57A267FEF7500E6AAB4 /* Release */,
			);
			defaultConfigurationIsVisible = 0;
			defaultConfigurationName = Release;
		};
/* End XCConfigurationList section */
	};
	rootObject = BA0C48FB263CF81D00C23CAE /* Project object */;
}
